using System;

namespace ConsoleApp2
{
    class Program
    {
        static void Main(string[] args)
        {
            string exit = "no";
            while (exit != "exit") // программа цикличная 
            {
                Console.Write("Введите ваше имя: ");
                string name = Console.ReadLine();

                Console.WriteLine("Введите день вашего рождения(числом): ");
                int day = Convert.ToInt32(Console.ReadLine());

                Console.WriteLine("Введите месяц вашего рождения(числом): ");
                int month = Convert.ToInt32(Console.ReadLine());

                Console.WriteLine("Введите год вашего рождения(числом): ");
                int year = Convert.ToInt32(Console.ReadLine());

                int age;
                var today = DateTime.Now;

                if ((day > 31 || day < 1) && (month == 1 || month == 3 || month == 5 || month == 7 || month == 8 ||
                                              month == 10 || month == 12))
                {
                    Console.WriteLine("Количество дней в месяце некорректно");
                }
                else if ((day > 30 || day < 1) && (month == 4 || month == 6 || month == 9 || month == 11))
                {
                    Console.WriteLine("Количество дней в месяце некорректно");
                }
                else if ((day == 29) && (month == 2) && ((year % 400 == 0) || (year % 4 == 0)))
                {
                    age = 2020 - year;
                    Console.WriteLine("Привет, {0}. Ваш возраст равен {1} лет", name, age);
                }
                else if ((day < 1) || (day > 28) && (month == 2))
                {
                    Console.WriteLine("Количество дней в месяце некорректно");
                }
                else if ((year < 1900 || year > 2020) || (month < 1 || month > 12))
                {
                    Console.WriteLine("Неккоректное количество месяцев или год рождения");
                }
                else
                {
                    if (month < today.Month)
                    {
                        age = today.Year - year;
                        Console.WriteLine("Привет, {0}. Ваш возраст равен {1} лет", name, age);
                    }
                    else if (month == today.Month)
                    {
                        if (day < today.Day)
                        {
                            age = today.Year - year;
                            Console.WriteLine("Привет, {0}. Ваш возраст равен {1} лет", name, age);
                        }
                        else if (day == today.Day)
                        {
                            age = today.Year - year;
                            Console.WriteLine("С днем рождения, {0}! Ваш возраст равен {1} лет", name, age);
                        }
                        else
                        {
                            age = today.Year - year - 1;
                            Console.WriteLine("Привет, {0}. Ваш возраст равен {1} лет", name, age);
                        }
                    }
                    else if (month > today.Month)
                    {
                        age = today.Year - year - 1;
                        Console.WriteLine("Привет, {0}. Ваш возраст равен {1} лет", name, age);
                    }
                    Console.Write("Если вы хотите закрыть программу, напишите 'exit', иначе нажмите Enter: ");
                    exit = Convert.ToString(Console.ReadLine());
                }
            }
        }
    }
}
